Microsoft Visual Studio Solution File, Format Version 11.00
# Visual Studio 2008

Project("{7C05919F-4F9E-71DC-86F3-CE925405E205}") = "BT300UnityPlugin_U", "Assembly-CSharp.csproj", "{4C20DF90-8357-4067-9B1B-2C34704B4914}"
EndProject
Global
	GlobalSection(SolutionConfigurationPlatforms) = preSolution
		Debug|Any CPU = Debug|Any CPU
		Release|Any CPU = Release|Any CPU
	EndGlobalSection
	GlobalSection(ProjectConfigurationPlatforms) = postSolution
		{4C20DF90-8357-4067-9B1B-2C34704B4914}.Debug|Any CPU.ActiveCfg = Debug|Any CPU
		{4C20DF90-8357-4067-9B1B-2C34704B4914}.Debug|Any CPU.Build.0 = Debug|Any CPU
		{4C20DF90-8357-4067-9B1B-2C34704B4914}.Release|Any CPU.ActiveCfg = Release|Any CPU
		{4C20DF90-8357-4067-9B1B-2C34704B4914}.Release|Any CPU.Build.0 = Release|Any CPU
	EndGlobalSection
	GlobalSection(SolutionProperties) = preSolution
		HideSolutionNode = FALSE
	EndGlobalSection
	GlobalSection(MonoDevelopProperties) = preSolution
		StartupItem = Assembly-CSharp.csproj
	EndGlobalSection
EndGlobal
