Microsoft Visual Studio Solution File, Format Version 11.00
# Visual Studio 2008

Project("{D0C85FF1-2FE4-CB02-0623-2DAD8ADE46E2}") = "EpsonMoverioBT300UnityProject", "Assembly-CSharp.csproj", "{C02D844D-E9B5-2CFD-2570-C3A82879A5D2}"
EndProject
Global
	GlobalSection(SolutionConfigurationPlatforms) = preSolution
		Debug|Any CPU = Debug|Any CPU
		Release|Any CPU = Release|Any CPU
	EndGlobalSection
	GlobalSection(ProjectConfigurationPlatforms) = postSolution
		{C02D844D-E9B5-2CFD-2570-C3A82879A5D2}.Debug|Any CPU.ActiveCfg = Debug|Any CPU
		{C02D844D-E9B5-2CFD-2570-C3A82879A5D2}.Debug|Any CPU.Build.0 = Debug|Any CPU
		{C02D844D-E9B5-2CFD-2570-C3A82879A5D2}.Release|Any CPU.ActiveCfg = Release|Any CPU
		{C02D844D-E9B5-2CFD-2570-C3A82879A5D2}.Release|Any CPU.Build.0 = Release|Any CPU
	EndGlobalSection
	GlobalSection(SolutionProperties) = preSolution
		HideSolutionNode = FALSE
	EndGlobalSection
	GlobalSection(MonoDevelopProperties) = preSolution
		StartupItem = Assembly-CSharp.csproj
	EndGlobalSection
EndGlobal
